{
  "name": "secondsign-onchain-verification",
  "version": "0.0.0",
  "lockfileVersion": 3,
  "requires": true,
  "packages": {
    "": {
      "name": "secondsign-onchain-verification",
      "version": "0.0.0",
      "license": "Apache-2.0",
      "dependencies": {
        "@safe-global/safe-contracts": "1.4.1",
        "@safe-global/safe-smart-account": "1.5.0"
      }
    },
    "node_modules/@safe-global/safe-contracts": {
      "version": "1.4.1",
      "resolved": "https://registry.npmjs.org/@safe-global/safe-contracts/-/safe-contracts-1.4.1.tgz",
      "integrity": "sha512-fP1jewywSwsIniM04NsqPyVRFKPMAuirC3ftA/TA4X3Zc5EnwQp/UCJUU2PL/37/z/jMo8UUaJ+pnFNWmMU7dQ==",
      "license": "LGPL-3.0",
      "peerDependencies": {
        "ethers": "5.4.0"
      }
    },
    "node_modules/@safe-global/safe-smart-account": {
      "version": "1.5.0",
      "resolved": "https://registry.npmjs.org/@safe-global/safe-smart-account/-/safe-smart-account-1.5.0.tgz",
      "integrity": "sha512-VIMWxoeY/kNuZVsQVvAeOFKcQS3eojCXg0ecGnesBSLn5ypYshmBhVEEU5XiurJJGTs/MrcoLTbTxhs9W9GvdQ==",
      "license": "LGPL-3.0"
    }
  }
}
